
Microsoft Visual Studio Solution File, Format Version 12.00
# Visual Studio Version 16
VisualStudioVersion = 16.0.30011.22
MinimumVisualStudioVersion = 10.0.40219.1
Project("{FAE04EC0-301F-11D3-BF4B-00C04F79EFBC}") = "iSmash", "iSmash\iSmash.csproj", "{4403657C-E1BB-423D-85F9-53A65F3F0573}"
EndProject
Global
	GlobalSection(SolutionConfigurationPlatforms) = preSolution
		Debug|Any CPU = Debug|Any CPU
		Release|Any CPU = Release|Any CPU
	EndGlobalSection
	GlobalSection(ProjectConfigurationPlatforms) = postSolution
		{4403657C-E1BB-423D-85F9-53A65F3F0573}.Debug|Any CPU.ActiveCfg = Debug|Any CPU
		{4403657C-E1BB-423D-85F9-53A65F3F0573}.Debug|Any CPU.Build.0 = Debug|Any CPU
		{4403657C-E1BB-423D-85F9-53A65F3F0573}.Release|Any CPU.ActiveCfg = Release|Any CPU
		{4403657C-E1BB-423D-85F9-53A65F3F0573}.Release|Any CPU.Build.0 = Release|Any CPU
	EndGlobalSection
	GlobalSection(SolutionProperties) = preSolution
		HideSolutionNode = FALSE
	EndGlobalSection
	GlobalSection(ExtensibilityGlobals) = postSolution
		SolutionGuid = {9EFB9371-9D7C-4FD9-9580-D17124C12AD7}
	EndGlobalSection
EndGlobal
